
Microsoft Visual Studio Solution File, Format Version 12.00
# Visual Studio Version 17
VisualStudioVersion = 17.0.31903.59
MinimumVisualStudioVersion = 10.0.40219.1
Project("{2150E333-8FDC-42A3-9474-1A3956D46DE8}") = "src", "src", "{7F07C64E-951D-4879-85DD-14FF2F7BB868}"
EndProject
Project("{FAE04EC0-301F-11D3-BF4B-00C04F79EFBC}") = "Web2.API", "src\Web2.API\Web2.API.csproj", "{E6780C9C-78B5-4DC9-B0FD-953A19C2C345}"
EndProject
Project("{FAE04EC0-301F-11D3-BF4B-00C04F79EFBC}") = "IdentityServerAspNetIdentity", "src\IdentityServerAspNetIdentity\IdentityServerAspNetIdentity.csproj", "{82B65021-BA38-4C0C-85FC-FF56CDDCFEBD}"
EndProject
Global
	GlobalSection(SolutionConfigurationPlatforms) = preSolution
		Debug|Any CPU = Debug|Any CPU
		Release|Any CPU = Release|Any CPU
	EndGlobalSection
	GlobalSection(SolutionProperties) = preSolution
		HideSolutionNode = FALSE
	EndGlobalSection
	GlobalSection(ProjectConfigurationPlatforms) = postSolution
		{E6780C9C-78B5-4DC9-B0FD-953A19C2C345}.Debug|Any CPU.ActiveCfg = Debug|Any CPU
		{E6780C9C-78B5-4DC9-B0FD-953A19C2C345}.Debug|Any CPU.Build.0 = Debug|Any CPU
		{E6780C9C-78B5-4DC9-B0FD-953A19C2C345}.Release|Any CPU.ActiveCfg = Release|Any CPU
		{E6780C9C-78B5-4DC9-B0FD-953A19C2C345}.Release|Any CPU.Build.0 = Release|Any CPU
		{82B65021-BA38-4C0C-85FC-FF56CDDCFEBD}.Debug|Any CPU.ActiveCfg = Debug|Any CPU
		{82B65021-BA38-4C0C-85FC-FF56CDDCFEBD}.Debug|Any CPU.Build.0 = Debug|Any CPU
		{82B65021-BA38-4C0C-85FC-FF56CDDCFEBD}.Release|Any CPU.ActiveCfg = Release|Any CPU
		{82B65021-BA38-4C0C-85FC-FF56CDDCFEBD}.Release|Any CPU.Build.0 = Release|Any CPU
	EndGlobalSection
	GlobalSection(NestedProjects) = preSolution
		{E6780C9C-78B5-4DC9-B0FD-953A19C2C345} = {7F07C64E-951D-4879-85DD-14FF2F7BB868}
		{82B65021-BA38-4C0C-85FC-FF56CDDCFEBD} = {7F07C64E-951D-4879-85DD-14FF2F7BB868}
	EndGlobalSection
EndGlobal
