
Microsoft Visual Studio Solution File, Format Version 12.00
# Visual Studio Version 16
VisualStudioVersion = 16.0.32106.194
MinimumVisualStudioVersion = 10.0.40219.1
Project("{9A19103F-16F7-4668-BE54-9A1E7A4F7556}") = "IdentityServerAspNetIdentity", "IdentityServerAspNetIdentity.csproj", "{713C8A43-A142-4604-8DE2-EFE6360193D8}"
EndProject
Global
	GlobalSection(SolutionConfigurationPlatforms) = preSolution
		Debug|Any CPU = Debug|Any CPU
		Release|Any CPU = Release|Any CPU
	EndGlobalSection
	GlobalSection(ProjectConfigurationPlatforms) = postSolution
		{713C8A43-A142-4604-8DE2-EFE6360193D8}.Debug|Any CPU.ActiveCfg = Debug|Any CPU
		{713C8A43-A142-4604-8DE2-EFE6360193D8}.Debug|Any CPU.Build.0 = Debug|Any CPU
		{713C8A43-A142-4604-8DE2-EFE6360193D8}.Release|Any CPU.ActiveCfg = Release|Any CPU
		{713C8A43-A142-4604-8DE2-EFE6360193D8}.Release|Any CPU.Build.0 = Release|Any CPU
	EndGlobalSection
	GlobalSection(SolutionProperties) = preSolution
		HideSolutionNode = FALSE
	EndGlobalSection
	GlobalSection(ExtensibilityGlobals) = postSolution
		SolutionGuid = {1EBFEE10-41AA-4D04-8227-D2027B9E7A5D}
	EndGlobalSection
EndGlobal
